
Microsoft Visual Studio Solution File, Format Version 12.00
# Visual Studio Version 16
VisualStudioVersion = 16.0.29613.14
MinimumVisualStudioVersion = 10.0.40219.1
Project("{FAE04EC0-301F-11D3-BF4B-00C04F79EFBC}") = "Proyecto-Lista3-ListDataGridView", "Proyecto-Lista3-ListDataGridView.csproj", "{0620A7BE-0D55-442E-AA74-E46BDD5C3614}"
EndProject
Global
	GlobalSection(SolutionConfigurationPlatforms) = preSolution
		Debug|Any CPU = Debug|Any CPU
		Release|Any CPU = Release|Any CPU
	EndGlobalSection
	GlobalSection(ProjectConfigurationPlatforms) = postSolution
		{0620A7BE-0D55-442E-AA74-E46BDD5C3614}.Debug|Any CPU.ActiveCfg = Debug|Any CPU
		{0620A7BE-0D55-442E-AA74-E46BDD5C3614}.Debug|Any CPU.Build.0 = Debug|Any CPU
		{0620A7BE-0D55-442E-AA74-E46BDD5C3614}.Release|Any CPU.ActiveCfg = Release|Any CPU
		{0620A7BE-0D55-442E-AA74-E46BDD5C3614}.Release|Any CPU.Build.0 = Release|Any CPU
	EndGlobalSection
	GlobalSection(SolutionProperties) = preSolution
		HideSolutionNode = FALSE
	EndGlobalSection
	GlobalSection(ExtensibilityGlobals) = postSolution
		SolutionGuid = {EAD17B67-3533-44E4-84DF-139F8D2C8C8E}
	EndGlobalSection
EndGlobal
